Microsoft Visual Studio Solution File, Format Version 12.00
# Visual Studio Version 17
VisualStudioVersion = 17.5.2.0
MinimumVisualStudioVersion = 10.0.40219.1
Project("{FAE04EC0-301F-11D3-BF4B-00C04F79EFBC}") = "pedidos", "pedidos.csproj", "{22F4A863-D099-08B1-4545-675C3265F995}"
EndProject
Global
	GlobalSection(SolutionConfigurationPlatforms) = preSolution
		Debug|Any CPU = Debug|Any CPU
		Release|Any CPU = Release|Any CPU
	EndGlobalSection
	GlobalSection(ProjectConfigurationPlatforms) = postSolution
		{22F4A863-D099-08B1-4545-675C3265F995}.Debug|Any CPU.ActiveCfg = Debug|Any CPU
		{22F4A863-D099-08B1-4545-675C3265F995}.Debug|Any CPU.Build.0 = Debug|Any CPU
		{22F4A863-D099-08B1-4545-675C3265F995}.Release|Any CPU.ActiveCfg = Release|Any CPU
		{22F4A863-D099-08B1-4545-675C3265F995}.Release|Any CPU.Build.0 = Release|Any CPU
	EndGlobalSection
	GlobalSection(SolutionProperties) = preSolution
		HideSolutionNode = FALSE
	EndGlobalSection
	GlobalSection(ExtensibilityGlobals) = postSolution
		SolutionGuid = {CA2B2A1A-DE53-42B6-9675-626F3E0E5EAF}
	EndGlobalSection
EndGlobal
